Microsoft Visual Studio Solution File, Format Version 12.00
# Visual Studio Version 17
VisualStudioVersion = 17.5.2.0
MinimumVisualStudioVersion = 10.0.40219.1
Project("{FAE04EC0-301F-11D3-BF4B-00C04F79EFBC}") = "ChessGame.Api", "ChessGame.Api.csproj", "{6EC5FE55-076F-35B3-92C8-A6DDC9AE2826}"
EndProject
Global
	GlobalSection(SolutionConfigurationPlatforms) = preSolution
		Debug|Any CPU = Debug|Any CPU
		Release|Any CPU = Release|Any CPU
	EndGlobalSection
	GlobalSection(ProjectConfigurationPlatforms) = postSolution
		{6EC5FE55-076F-35B3-92C8-A6DDC9AE2826}.Debug|Any CPU.ActiveCfg = Debug|Any CPU
		{6EC5FE55-076F-35B3-92C8-A6DDC9AE2826}.Debug|Any CPU.Build.0 = Debug|Any CPU
		{6EC5FE55-076F-35B3-92C8-A6DDC9AE2826}.Release|Any CPU.ActiveCfg = Release|Any CPU
		{6EC5FE55-076F-35B3-92C8-A6DDC9AE2826}.Release|Any CPU.Build.0 = Release|Any CPU
	EndGlobalSection
	GlobalSection(SolutionProperties) = preSolution
		HideSolutionNode = FALSE
	EndGlobalSection
	GlobalSection(ExtensibilityGlobals) = postSolution
		SolutionGuid = {EEA774A2-104F-4DE6-8189-9F4FB954DC7A}
	EndGlobalSection
EndGlobal
